
Microsoft Visual Studio Solution File, Format Version 12.00
# Visual Studio Version 17
VisualStudioVersion = 17.1.32228.430
MinimumVisualStudioVersion = 10.0.40219.1
Project("{9A19103F-16F7-4668-BE54-9A1E7A4F7556}") = "Data", "Library\Data.csproj", "{87A0F395-4CB8-4923-9299-07225C49DC88}"
EndProject
Project("{9A19103F-16F7-4668-BE54-9A1E7A4F7556}") = "DataTests", "Tests\DataTests.csproj", "{8E44D596-B757-4BC1-B608-C9A4A8706306}"
EndProject
Project("{2150E333-8FDC-42A3-9474-1A3956D46DE8}") = "Solution Items", "Solution Items", "{1D065660-8B56-4367-B37F-D3B181657D22}"
	ProjectSection(SolutionItems) = preProject
		checklist.txt = checklist.txt
		..\README.md = ..\README.md
	EndProjectSection
EndProject
Project("{9A19103F-16F7-4668-BE54-9A1E7A4F7556}") = "Service", "Service\Service.csproj", "{B468D3EF-C922-4508-AC4F-11283EF5F3A3}"
EndProject
Project("{9A19103F-16F7-4668-BE54-9A1E7A4F7556}") = "Presentation", "Presentation\Presentation.csproj", "{FC40907D-2336-45F5-BC7B-FAF6265ECC68}"
EndProject
Project("{FAE04EC0-301F-11D3-BF4B-00C04F79EFBC}") = "ServiceTests", "ServiceTests\ServiceTests.csproj", "{14E29753-6885-4961-8608-2130E5AF3A34}"
EndProject
Project("{FAE04EC0-301F-11D3-BF4B-00C04F79EFBC}") = "PresentationTests", "PresentationTests\PresentationTests.csproj", "{47D0E030-5E78-4BC3-9CA4-FE535203F33B}"
EndProject
Global
	GlobalSection(SolutionConfigurationPlatforms) = preSolution
		Debug|Any CPU = Debug|Any CPU
		Release|Any CPU = Release|Any CPU
	EndGlobalSection
	GlobalSection(ProjectConfigurationPlatforms) = postSolution
		{87A0F395-4CB8-4923-9299-07225C49DC88}.Debug|Any CPU.ActiveCfg = Debug|Any CPU
		{87A0F395-4CB8-4923-9299-07225C49DC88}.Debug|Any CPU.Build.0 = Debug|Any CPU
		{87A0F395-4CB8-4923-9299-07225C49DC88}.Release|Any CPU.ActiveCfg = Release|Any CPU
		{87A0F395-4CB8-4923-9299-07225C49DC88}.Release|Any CPU.Build.0 = Release|Any CPU
		{8E44D596-B757-4BC1-B608-C9A4A8706306}.Debug|Any CPU.ActiveCfg = Debug|Any CPU
		{8E44D596-B757-4BC1-B608-C9A4A8706306}.Debug|Any CPU.Build.0 = Debug|Any CPU
		{8E44D596-B757-4BC1-B608-C9A4A8706306}.Release|Any CPU.ActiveCfg = Release|Any CPU
		{8E44D596-B757-4BC1-B608-C9A4A8706306}.Release|Any CPU.Build.0 = Release|Any CPU
		{B468D3EF-C922-4508-AC4F-11283EF5F3A3}.Debug|Any CPU.ActiveCfg = Debug|Any CPU
		{B468D3EF-C922-4508-AC4F-11283EF5F3A3}.Debug|Any CPU.Build.0 = Debug|Any CPU
		{B468D3EF-C922-4508-AC4F-11283EF5F3A3}.Release|Any CPU.ActiveCfg = Release|Any CPU
		{B468D3EF-C922-4508-AC4F-11283EF5F3A3}.Release|Any CPU.Build.0 = Release|Any CPU
		{FC40907D-2336-45F5-BC7B-FAF6265ECC68}.Debug|Any CPU.ActiveCfg = Debug|Any CPU
		{FC40907D-2336-45F5-BC7B-FAF6265ECC68}.Debug|Any CPU.Build.0 = Debug|Any CPU
		{FC40907D-2336-45F5-BC7B-FAF6265ECC68}.Release|Any CPU.ActiveCfg = Release|Any CPU
		{FC40907D-2336-45F5-BC7B-FAF6265ECC68}.Release|Any CPU.Build.0 = Release|Any CPU
		{14E29753-6885-4961-8608-2130E5AF3A34}.Debug|Any CPU.ActiveCfg = Debug|Any CPU
		{14E29753-6885-4961-8608-2130E5AF3A34}.Debug|Any CPU.Build.0 = Debug|Any CPU
		{14E29753-6885-4961-8608-2130E5AF3A34}.Release|Any CPU.ActiveCfg = Release|Any CPU
		{14E29753-6885-4961-8608-2130E5AF3A34}.Release|Any CPU.Build.0 = Release|Any CPU
		{47D0E030-5E78-4BC3-9CA4-FE535203F33B}.Debug|Any CPU.ActiveCfg = Debug|Any CPU
		{47D0E030-5E78-4BC3-9CA4-FE535203F33B}.Debug|Any CPU.Build.0 = Debug|Any CPU
		{47D0E030-5E78-4BC3-9CA4-FE535203F33B}.Release|Any CPU.ActiveCfg = Release|Any CPU
		{47D0E030-5E78-4BC3-9CA4-FE535203F33B}.Release|Any CPU.Build.0 = Release|Any CPU
	EndGlobalSection
	GlobalSection(SolutionProperties) = preSolution
		HideSolutionNode = FALSE
	EndGlobalSection
	GlobalSection(ExtensibilityGlobals) = postSolution
		SolutionGuid = {8A5C4E58-F83B-4F37-B7A6-D650B68AF694}
	EndGlobalSection
EndGlobal
