
Microsoft Visual Studio Solution File, Format Version 12.00
# Visual Studio Version 16
VisualStudioVersion = 16.0.32228.343
MinimumVisualStudioVersion = 10.0.40219.1
Project("{FAE04EC0-301F-11D3-BF4B-00C04F79EFBC}") = "Calculator", "Calculator\Calculator.csproj", "{7F566095-DC2C-4169-8D58-2AF5C71DE93D}"
EndProject
Project("{FAE04EC0-301F-11D3-BF4B-00C04F79EFBC}") = "CalculatorTests", "CalculatorTests\CalculatorTests.csproj", "{37438469-A293-4EEC-A153-446F25CEBE50}"
EndProject
Global
	GlobalSection(SolutionConfigurationPlatforms) = preSolution
		Debug|Any CPU = Debug|Any CPU
		Release|Any CPU = Release|Any CPU
	EndGlobalSection
	GlobalSection(ProjectConfigurationPlatforms) = postSolution
		{7F566095-DC2C-4169-8D58-2AF5C71DE93D}.Debug|Any CPU.ActiveCfg = Debug|Any CPU
		{7F566095-DC2C-4169-8D58-2AF5C71DE93D}.Debug|Any CPU.Build.0 = Debug|Any CPU
		{7F566095-DC2C-4169-8D58-2AF5C71DE93D}.Release|Any CPU.ActiveCfg = Release|Any CPU
		{7F566095-DC2C-4169-8D58-2AF5C71DE93D}.Release|Any CPU.Build.0 = Release|Any CPU
		{37438469-A293-4EEC-A153-446F25CEBE50}.Debug|Any CPU.ActiveCfg = Debug|Any CPU
		{37438469-A293-4EEC-A153-446F25CEBE50}.Debug|Any CPU.Build.0 = Debug|Any CPU
		{37438469-A293-4EEC-A153-446F25CEBE50}.Release|Any CPU.ActiveCfg = Release|Any CPU
		{37438469-A293-4EEC-A153-446F25CEBE50}.Release|Any CPU.Build.0 = Release|Any CPU
	EndGlobalSection
	GlobalSection(SolutionProperties) = preSolution
		HideSolutionNode = FALSE
	EndGlobalSection
	GlobalSection(ExtensibilityGlobals) = postSolution
		SolutionGuid = {918B5164-F72D-4C7F-9BA6-12F0ADB799FF}
	EndGlobalSection
EndGlobal
